
Microsoft Visual Studio Solution File, Format Version 12.00
# Visual Studio 2012
Project("{FAE04EC0-301F-11D3-BF4B-00C04F79EFBC}") = "ejercicio7", "ejercicio7\ejercicio7.csproj", "{90D32D31-4131-4BE0-95BF-FF6D46C2B053}"
EndProject
Global
	GlobalSection(SolutionConfigurationPlatforms) = preSolution
		Debug|x86 = Debug|x86
		Release|x86 = Release|x86
	EndGlobalSection
	GlobalSection(ProjectConfigurationPlatforms) = postSolution
		{90D32D31-4131-4BE0-95BF-FF6D46C2B053}.Debug|x86.ActiveCfg = Debug|x86
		{90D32D31-4131-4BE0-95BF-FF6D46C2B053}.Debug|x86.Build.0 = Debug|x86
		{90D32D31-4131-4BE0-95BF-FF6D46C2B053}.Release|x86.ActiveCfg = Release|x86
		{90D32D31-4131-4BE0-95BF-FF6D46C2B053}.Release|x86.Build.0 = Release|x86
	EndGlobalSection
EndGlobal
